
Microsoft Visual Studio Solution File, Format Version 12.00
# Visual Studio Version 17
VisualStudioVersion = 17.9.34728.123
MinimumVisualStudioVersion = 10.0.40219.1
Project("{9A19103F-16F7-4668-BE54-9A1E7A4F7556}") = "MvcMovie", "MvcMovie.csproj", "{833B08DD-66FC-4A01-AF5A-640AAC95E304}"
EndProject
Global
	GlobalSection(SolutionConfigurationPlatforms) = preSolution
		Debug|Any CPU = Debug|Any CPU
		Release|Any CPU = Release|Any CPU
	EndGlobalSection
	GlobalSection(ProjectConfigurationPlatforms) = postSolution
		{833B08DD-66FC-4A01-AF5A-640AAC95E304}.Debug|Any CPU.ActiveCfg = Debug|Any CPU
		{833B08DD-66FC-4A01-AF5A-640AAC95E304}.Debug|Any CPU.Build.0 = Debug|Any CPU
		{833B08DD-66FC-4A01-AF5A-640AAC95E304}.Release|Any CPU.ActiveCfg = Release|Any CPU
		{833B08DD-66FC-4A01-AF5A-640AAC95E304}.Release|Any CPU.Build.0 = Release|Any CPU
	EndGlobalSection
	GlobalSection(SolutionProperties) = preSolution
		HideSolutionNode = FALSE
	EndGlobalSection
	GlobalSection(ExtensibilityGlobals) = postSolution
		SolutionGuid = {862277A2-7DA3-4E70-8416-057B01B07542}
	EndGlobalSection
EndGlobal
